
Microsoft Visual Studio Solution File, Format Version 12.00
# Visual Studio Version 17
VisualStudioVersion = 17.0.31903.59
MinimumVisualStudioVersion = 10.0.40219.1
Project("{2150E333-8FDC-42A3-9474-1A3956D46DE8}") = "src", "src", "{B809FCCA-6E43-460C-8A03-7A1C4F337A6D}"
EndProject
Project("{FAE04EC0-301F-11D3-BF4B-00C04F79EFBC}") = "AuctionService", "src\AuctionService\AuctionService.csproj", "{92AA60D1-6F68-4843-8729-7F769037FFBE}"
EndProject
Global
	GlobalSection(SolutionConfigurationPlatforms) = preSolution
		Debug|Any CPU = Debug|Any CPU
		Release|Any CPU = Release|Any CPU
	EndGlobalSection
	GlobalSection(SolutionProperties) = preSolution
		HideSolutionNode = FALSE
	EndGlobalSection
	GlobalSection(ProjectConfigurationPlatforms) = postSolution
		{92AA60D1-6F68-4843-8729-7F769037FFBE}.Debug|Any CPU.ActiveCfg = Debug|Any CPU
		{92AA60D1-6F68-4843-8729-7F769037FFBE}.Debug|Any CPU.Build.0 = Debug|Any CPU
		{92AA60D1-6F68-4843-8729-7F769037FFBE}.Release|Any CPU.ActiveCfg = Release|Any CPU
		{92AA60D1-6F68-4843-8729-7F769037FFBE}.Release|Any CPU.Build.0 = Release|Any CPU
	EndGlobalSection
	GlobalSection(NestedProjects) = preSolution
		{92AA60D1-6F68-4843-8729-7F769037FFBE} = {B809FCCA-6E43-460C-8A03-7A1C4F337A6D}
	EndGlobalSection
EndGlobal
